
Microsoft Visual Studio Solution File, Format Version 12.00
Project("{FAE04EC0-301F-11D3-BF4B-00C04F79EFBC}") = "WebApi", "WebApi\WebApi.csproj", "{0DAD949A-F9A8-4811-9E50-B1C1C80E3054}"
EndProject
Global
	GlobalSection(SolutionConfigurationPlatforms) = preSolution
		Debug|Any CPU = Debug|Any CPU
		Release|Any CPU = Release|Any CPU
	EndGlobalSection
	GlobalSection(ProjectConfigurationPlatforms) = postSolution
		{0DAD949A-F9A8-4811-9E50-B1C1C80E3054}.Debug|Any CPU.ActiveCfg = Debug|Any CPU
		{0DAD949A-F9A8-4811-9E50-B1C1C80E3054}.Debug|Any CPU.Build.0 = Debug|Any CPU
		{0DAD949A-F9A8-4811-9E50-B1C1C80E3054}.Release|Any CPU.ActiveCfg = Release|Any CPU
		{0DAD949A-F9A8-4811-9E50-B1C1C80E3054}.Release|Any CPU.Build.0 = Release|Any CPU
	EndGlobalSection
EndGlobal
